
Microsoft Visual Studio Solution File, Format Version 12.00
# Visual Studio Version 16
VisualStudioVersion = 16.0.30523.141
MinimumVisualStudioVersion = 10.0.40219.1
Project("{FAE04EC0-301F-11D3-BF4B-00C04F79EFBC}") = "prjFileUpLoad_Multiple", "prjFileUpLoad_Multiple\prjFileUpLoad_Multiple.csproj", "{C8787690-C59C-4C59-908C-76ACD1504558}"
EndProject
Global
	GlobalSection(SolutionConfigurationPlatforms) = preSolution
		Debug|Any CPU = Debug|Any CPU
		Release|Any CPU = Release|Any CPU
	EndGlobalSection
	GlobalSection(ProjectConfigurationPlatforms) = postSolution
		{C8787690-C59C-4C59-908C-76ACD1504558}.Debug|Any CPU.ActiveCfg = Debug|Any CPU
		{C8787690-C59C-4C59-908C-76ACD1504558}.Debug|Any CPU.Build.0 = Debug|Any CPU
		{C8787690-C59C-4C59-908C-76ACD1504558}.Release|Any CPU.ActiveCfg = Release|Any CPU
		{C8787690-C59C-4C59-908C-76ACD1504558}.Release|Any CPU.Build.0 = Release|Any CPU
	EndGlobalSection
	GlobalSection(SolutionProperties) = preSolution
		HideSolutionNode = FALSE
	EndGlobalSection
	GlobalSection(ExtensibilityGlobals) = postSolution
		SolutionGuid = {9D137DC8-F748-450E-8B37-A2CAADB5D185}
	EndGlobalSection
EndGlobal
